// !$*UTF8*$!
{
	archiveVersion = 1;
	classes = {
	};
	objectVersion = 46;
	objects = {

/* Begin PBXBuildFile section */
		BB2552F81BBB6ECC009B732B /* AppDelegate.swift in Sources */ = {isa = PBXBuildFile; fileRef = BB2552F71BBB6ECC009B732B /* AppDelegate.swift */; };
		BB2552FA1BBB6ECC009B732B /* ViewController.swift in Sources */ = {isa = PBXBuildFile; fileRef = BB2552F91BBB6ECC009B732B /* ViewController.swift */; };
		BB2552FD1BBB6ECC009B732B /* Main.storyboard in Resources */ = {isa = PBXBuildFile; fileRef = BB2552FB1BBB6ECC009B732B /* Main.storyboard */; };
		BB2552FF1BBB6ECC009B732B /* Assets.xcassets in Resources */ = {isa = PBXBuildFile; fileRef = BB2552FE1BBB6ECC009B732B /* Assets.xcassets */; };
		BB2553021BBB6ECC009B732B /* LaunchScreen.storyboard in Resources */ = {isa = PBXBuildFile; fileRef = BB2553001BBB6ECC009B732B /* LaunchScreen.storyboard */; };
/* End PBXBuildFile section */

/* Begin PBXFileReference section */
		BB2552F41BBB6ECC009B732B /* Project2.app */ = {isa = PBXFileReference; explicitFileType = wrapper.application; includeInIndex = 0; path = Project2.app; sourceTree = BUILT_PRODUCTS_DIR; };
		BB2552F71BBB6ECC009B732B /* AppDelegate.swift */ = {isa = PBXFileReference; lastKnownFileType = sourcecode.swift; path = AppDelegate.swift; sourceTree = "<group>"; };
		BB2552F91BBB6ECC009B732B /* ViewController.swift */ = {isa = PBXFileReference; lastKnownFileType = sourcecode.swift; path = ViewController.swift; sourceTree = "<group>"; };
		BB2552FC1BBB6ECC009B732B /* Base */ = {isa = PBXFileReference; lastKnownFileType = file.storyboard; name = Base; path = Base.lproj/Main.storyboard; sourceTree = "<group>"; };
		BB2552FE1BBB6ECC009B732B /* Assets.xcassets */ = {isa = PBXFileReference; lastKnownFileType = folder.assetcatalog; path = Assets.xcassets; sourceTree = "<group>"; };
		BB2553011BBB6ECC009B732B /* Base */ = {isa = PBXFileReference; lastKnownFileType = file.storyboard; name = Base; path = Base.lproj/LaunchScreen.storyboard; sourceTree = "<group>"; };
		BB2553031BBB6ECC009B732B /* Info.plist */ = {isa = PBXFileReference; lastKnownFileType = text.plist.xml; path = Info.plist; sourceTree = "<group>"; };
/* End PBXFileReference section */

/* Begin PBXFrameworksBuildPhase section */
		BB2552F11BBB6ECC009B732B /* Frameworks */ = {
			isa = PBXFrameworksBuildPhase;
			buildActionMask = 2147483647;
			files = (
			);
			runOnlyForDeploymentPostprocessing = 0;
		};
/* End PBXFrameworksBuildPhase section */

/* Begin PBXGroup section */
		BB2552EB1BBB6ECC009B732B = {
			isa = PBXGroup;
			children = (
				BB2552F61BBB6ECC009B732B /* Project2 */,
				BB2552F51BBB6ECC009B732B /* Products */,
			);
			sourceTree = "<group>";
		};
		BB2552F51BBB6ECC009B732B /* Products */ = {
			isa = PBXGroup;
			children = (
				BB2552F41BBB6ECC009B732B /* Project2.app */,
			);
			name = Products;
			sourceTree = "<group>";
		};
		BB2552F61BBB6ECC009B732B /* Project2 */ = {
			isa = PBXGroup;
			children = (
				BB2552F71BBB6ECC009B732B /* AppDelegate.swift */,
				BB2552F91BBB6ECC009B732B /* ViewController.swift */,
				BB2552FB1BBB6ECC009B732B /* Main.storyboard */,
				BB2552FE1BBB6ECC009B732B /* Assets.xcassets */,
				BB2553001BBB6ECC009B732B /* LaunchScreen.storyboard */,
				BB2553031BBB6ECC009B732B /* Info.plist */,
			);
			path = Project2;
			sourceTree = "<group>";
		};
/* End PBXGroup section */

/* Begin PBXNativeTarget section */
		BB2552F31BBB6ECC009B732B /* Project2 */ = {
			isa = PBXNativeTarget;
			buildConfigurationList = BB2553061BBB6ECC009B732B /* Build configuration list for PBXNativeTarget "Project2" */;
			buildPhases = (
				BB2552F01BBB6ECC009B732B /* Sources */,
				BB2552F11BBB6ECC009B732B /* Frameworks */,
				BB2552F21BBB6ECC009B732B /* Resources */,
			);
			buildRules = (
			);
			dependencies = (
			);
			name = Project2;
			productName = Project2;
			productReference = BB2552F41BBB6ECC009B732B /* Project2.app */;
			productType = "com.apple.product-type.application";
		};
/* End PBXNativeTarget section */

/* Begin PBXProject section */
		BB2552EC1BBB6ECC009B732B /* Project object */ = {
			isa = PBXProject;
			attributes = {
				LastUpgradeCheck = 0700;
				ORGANIZATIONNAME = "Andrew Nguyen";
				TargetAttributes = {
					BB2552F31BBB6ECC009B732B = {
						CreatedOnToolsVersion = 7.0;
					};
				};
			};
			buildConfigurationList = BB2552EF1BBB6ECC009B732B /* Build configuration list for PBXProject "Project2" */;
			compatibilityVersion = "Xcode 3.2";
			developmentRegion = English;
			hasScannedForEncodings = 0;
			knownRegions = (
				en,
				Base,
			);
			mainGroup = BB2552EB1BBB6ECC009B732B;
			productRefGroup = BB2552F51BBB6ECC009B732B /* Products */;
			projectDirPath = "";
			projectRoot = "";
			targets = (
				BB2552F31BBB6ECC009B732B /* Project2 */,
			);
		};
/* End PBXProject section */

/* Begin PBXResourcesBuildPhase section */
		BB2552F21BBB6ECC009B732B /* Resources */ = {
			isa = PBXResourcesBuildPhase;
			buildActionMask = 2147483647;
			files = (
				BB2553021BBB6ECC009B732B /* LaunchScreen.storyboard in Resources */,
				BB2552FF1BBB6ECC009B732B /* Assets.xcassets in Resources */,
				BB2552FD1BBB6ECC009B732B /* Main.storyboard in Resources */,
			);
			runOnlyForDeploymentPostprocessing = 0;
		};
/* End PBXResourcesBuildPhase section */

/* Begin PBXSourcesBuildPhase section */
		BB2552F01BBB6ECC009B732B /* Sources */ = {
			isa = PBXSourcesBuildPhase;
			buildActionMask = 2147483647;
			files = (
				BB2552FA1BBB6ECC009B732B /* ViewController.swift in Sources */,
				BB2552F81BBB6ECC009B732B /* AppDelegate.swift in Sources */,
			);
			runOnlyForDeploymentPostprocessing = 0;
		};
/* End PBXSourcesBuildPhase section */

/* Begin PBXVariantGroup section */
		BB2552FB1BBB6ECC009B732B /* Main.storyboard */ = {
			isa = PBXVariantGroup;
			children = (
				BB2552FC1BBB6ECC009B732B /* Base */,
			);
			name = Main.storyboard;
			sourceTree = "<group>";
		};
		BB2553001BBB6ECC009B732B /* LaunchScreen.storyboard */ = {
			isa = PBXVariantGroup;
			children = (
				BB2553011BBB6ECC009B732B /* Base */,
			);
			name = LaunchScreen.storyboard;
			sourceTree = "<group>";
		};
/* End PBXVariantGroup section */

/* Begin XCBuildConfiguration section */
		BB2553041BBB6ECC009B732B /* Debug */ = {
			isa = XCBuildConfiguration;
			buildSettings = {
				ALWAYS_SEARCH_USER_PATHS = NO;
				CLANG_CXX_LANGUAGE_STANDARD = "gnu++0x";
				CLANG_CXX_LIBRARY = "libc++";
				CLANG_ENABLE_MODULES = YES;
				CLANG_ENABLE_OBJC_ARC = YES;
				CLANG_WARN_BOOL_CONVERSION = YES;
				CLANG_WARN_CONSTANT_CONVERSION = YES;
				CLANG_WARN_DIRECT_OBJC_ISA_USAGE = YES_ERROR;
				CLANG_WARN_EMPTY_BODY = YES;
				CLANG_WARN_ENUM_CONVERSION = YES;
				CLANG_WARN_INT_CONVERSION = YES;
				CLANG_WARN_OBJC_ROOT_CLASS = YES_ERROR;
				CLANG_WARN_UNREACHABLE_CODE = YES;
				CLANG_WARN__DUPLICATE_METHOD_MATCH = YES;
				"CODE_SIGN_IDENTITY[sdk=iphoneos*]" = "iPhone Developer";
				COPY_PHASE_STRIP = NO;
				DEBUG_INFORMATION_FORMAT = dwarf;
				ENABLE_STRICT_OBJC_MSGSEND = YES;
				ENABLE_TESTABILITY = YES;
				GCC_C_LANGUAGE_STANDARD = gnu99;
				GCC_DYNAMIC_NO_PIC = NO;
				GCC_NO_COMMON_BLOCKS = YES;
				GCC_OPTIMIZATION_LEVEL = 0;
				GCC_PREPROCESSOR_DEFINITIONS = (
					"DEBUG=1",
					"$(inherited)",
				);
				GCC_WARN_64_TO_32_BIT_CONVERSION = YES;
				GCC_WARN_ABOUT_RETURN_TYPE = YES_ERROR;
				GCC_WARN_UNDECLARED_SELECTOR = YES;
				GCC_WARN_UNINITIALIZED_AUTOS = YES_AGGRESSIVE;
				GCC_WARN_UNUSED_FUNCTION = YES;
				GCC_WARN_UNUSED_VARIABLE = YES;
				IPHONEOS_DEPLOYMENT_TARGET = 9.0;
				MTL_ENABLE_DEBUG_INFO = YES;
				ONLY_ACTIVE_ARCH = YES;
				SDKROOT = iphoneos;
				SWIFT_OPTIMIZATION_LEVEL = "-Onone";
			};
			name = Debug;
		};
		BB2553051BBB6ECC009B732B /* Release */ = {
			isa = XCBuildConfiguration;
			buildSettings = {
				ALWAYS_SEARCH_USER_PATHS = NO;
				CLANG_CXX_LANGUAGE_STANDARD = "gnu++0x";
				CLANG_CXX_LIBRARY = "libc++";
				CLANG_ENABLE_MODULES = YES;
				CLANG_ENABLE_OBJC_ARC = YES;
				CLANG_WARN_BOOL_CONVERSION = YES;
				CLANG_WARN_CONSTANT_CONVERSION = YES;
				CLANG_WARN_DIRECT_OBJC_ISA_USAGE = YES_ERROR;
				CLANG_WARN_EMPTY_BODY = YES;
				CLANG_WARN_ENUM_CONVERSION = YES;
				CLANG_WARN_INT_CONVERSION = YES;
				CLANG_WARN_OBJC_ROOT_CLASS = YES_ERROR;
				CLANG_WARN_UNREACHABLE_CODE = YES;
				CLANG_WARN__DUPLICATE_METHOD_MATCH = YES;
				"CODE_SIGN_IDENTITY[sdk=iphoneos*]" = "iPhone Developer";
				COPY_PHASE_STRIP = NO;
				DEBUG_INFORMATION_FORMAT = "dwarf-with-dsym";
				ENABLE_NS_ASSERTIONS = NO;
				ENABLE_STRICT_OBJC_MSGSEND = YES;
				GCC_C_LANGUAGE_STANDARD = gnu99;
				GCC_NO_COMMON_BLOCKS = YES;
				GCC_WARN_64_TO_32_BIT_CONVERSION = YES;
				GCC_WARN_ABOUT_RETURN_TYPE = YES_ERROR;
				GCC_WARN_UNDECLARED_SELECTOR = YES;
				GCC_WARN_UNINITIALIZED_AUTOS = YES_AGGRESSIVE;
				GCC_WARN_UNUSED_FUNCTION = YES;
				GCC_WARN_UNUSED_VARIABLE = YES;
				IPHONEOS_DEPLOYMENT_TARGET = 9.0;
				MTL_ENABLE_DEBUG_INFO = NO;
				SDKROOT = iphoneos;
				VALIDATE_PRODUCT = YES;
			};
			name = Release;
		};
		BB2553071BBB6ECC009B732B /* Debug */ = {
			isa = XCBuildConfiguration;
			buildSettings = {
				ASSETCATALOG_COMPILER_APPICON_NAME = AppIcon;
				INFOPLIST_FILE = Project2/Info.plist;
				LD_RUNPATH_SEARCH_PATHS = "$(inherited) @executable_path/Frameworks";
				PRODUCT_BUNDLE_IDENTIFIER = nguyen.andrew.Project2;
				PRODUCT_NAME = "$(TARGET_NAME)";
			};
			name = Debug;
		};
		BB2553081BBB6ECC009B732B /* Release */ = {
			isa = XCBuildConfiguration;
			buildSettings = {
				ASSETCATALOG_COMPILER_APPICON_NAME = AppIcon;
				INFOPLIST_FILE = Project2/Info.plist;
				LD_RUNPATH_SEARCH_PATHS = "$(inherited) @executable_path/Frameworks";
				PRODUCT_BUNDLE_IDENTIFIER = nguyen.andrew.Project2;
				PRODUCT_NAME = "$(TARGET_NAME)";
			};
			name = Release;
		};
/* End XCBuildConfiguration section */

/* Begin XCConfigurationList section */
		BB2552EF1BBB6ECC009B732B /* Build configuration list for PBXProject "Project2" */ = {
			isa = XCConfigurationList;
			buildConfigurations = (
				BB2553041BBB6ECC009B732B /* Debug */,
				BB2553051BBB6ECC009B732B /* Release */,
			);
			defaultConfigurationIsVisible = 0;
			defaultConfigurationName = Release;
		};
		BB2553061BBB6ECC009B732B /* Build configuration list for PBXNativeTarget "Project2" */ = {
			isa = XCConfigurationList;
			buildConfigurations = (
				BB2553071BBB6ECC009B732B /* Debug */,
				BB2553081BBB6ECC009B732B /* Release */,
			);
			defaultConfigurationIsVisible = 0;
		};
/* End XCConfigurationList section */
	};
	rootObject = BB2552EC1BBB6ECC009B732B /* Project object */;
}
